// !$*UTF8*$!
{
	archiveVersion = 1;
	classes = {
	};
	objectVersion = 50;
	objects = {

/* Begin PBXBuildFile section */
		010AC37F228FCFE300BD8FAE /* AppDelegate.swift in Sources */ = {isa = PBXBuildFile; fileRef = 010AC37E228FCFE300BD8FAE /* AppDelegate.swift */; };
		010AC381228FCFE300BD8FAE /* PointsTableViewController.swift in Sources */ = {isa = PBXBuildFile; fileRef = 010AC380228FCFE300BD8FAE /* PointsTableViewController.swift */; };
		010AC384228FCFE300BD8FAE /* Main.storyboard in Resources */ = {isa = PBXBuildFile; fileRef = 010AC382228FCFE300BD8FAE /* Main.storyboard */; };
		010AC386228FCFE500BD8FAE /* Assets.xcassets in Resources */ = {isa = PBXBuildFile; fileRef = 010AC385228FCFE500BD8FAE /* Assets.xcassets */; };
		010AC389228FCFE500BD8FAE /* LaunchScreen.storyboard in Resources */ = {isa = PBXBuildFile; fileRef = 010AC387228FCFE500BD8FAE /* LaunchScreen.storyboard */; };
		010AC396228FD07400BD8FAE /* PlayerDetailViewController.swift in Sources */ = {isa = PBXBuildFile; fileRef = 010AC395228FD07400BD8FAE /* PlayerDetailViewController.swift */; };
		010AC39A228FD0D700BD8FAE /* PlayerInfoViewCell.swift in Sources */ = {isa = PBXBuildFile; fileRef = 010AC398228FD0D700BD8FAE /* PlayerInfoViewCell.swift */; };
		010AC39B228FD0D700BD8FAE /* PlayerInfoViewCell.xib in Resources */ = {isa = PBXBuildFile; fileRef = 010AC399228FD0D700BD8FAE /* PlayerInfoViewCell.xib */; };
		010AC39E228FD0FA00BD8FAE /* PlayerMatchInfoViewCell.swift in Sources */ = {isa = PBXBuildFile; fileRef = 010AC39C228FD0FA00BD8FAE /* PlayerMatchInfoViewCell.swift */; };
		010AC39F228FD0FA00BD8FAE /* PlayerMatchInfoViewCell.xib in Resources */ = {isa = PBXBuildFile; fileRef = 010AC39D228FD0FA00BD8FAE /* PlayerMatchInfoViewCell.xib */; };
		010AC3A3228FD22F00BD8FAE /* ApiService.swift in Sources */ = {isa = PBXBuildFile; fileRef = 010AC3A2228FD22F00BD8FAE /* ApiService.swift */; };
		010AC3A5228FD28500BD8FAE /* Player.swift in Sources */ = {isa = PBXBuildFile; fileRef = 010AC3A4228FD28500BD8FAE /* Player.swift */; };
		010AC3A7228FD29100BD8FAE /* Match.swift in Sources */ = {isa = PBXBuildFile; fileRef = 010AC3A6228FD29100BD8FAE /* Match.swift */; };
		010AC3AC228FD3FE00BD8FAE /* JsonParser.swift in Sources */ = {isa = PBXBuildFile; fileRef = 010AC3AB228FD3FE00BD8FAE /* JsonParser.swift */; };
		010AC3AF228FD45500BD8FAE /* AppConstant.swift in Sources */ = {isa = PBXBuildFile; fileRef = 010AC3AE228FD45500BD8FAE /* AppConstant.swift */; };
		010AC3B1228FDD5500BD8FAE /* PointsTableViewModel.swift in Sources */ = {isa = PBXBuildFile; fileRef = 010AC3B0228FDD5500BD8FAE /* PointsTableViewModel.swift */; };
		010AC3B3228FDD7400BD8FAE /* MatchListViewModel.swift in Sources */ = {isa = PBXBuildFile; fileRef = 010AC3B2228FDD7400BD8FAE /* MatchListViewModel.swift */; };
		231A4DA0E913A132B45656A6 /* Pods_StarWarsTournament.framework in Frameworks */ = {isa = PBXBuildFile; fileRef = 43550037325C9573A11FB177 /* Pods_StarWarsTournament.framework */; };
/* End PBXBuildFile section */

/* Begin PBXFileReference section */
		010AC37B228FCFE300BD8FAE /* StarWarsTournament.app */ = {isa = PBXFileReference; explicitFileType = wrapper.application; includeInIndex = 0; path = StarWarsTournament.app; sourceTree = BUILT_PRODUCTS_DIR; };
		010AC37E228FCFE300BD8FAE /* AppDelegate.swift */ = {isa = PBXFileReference; lastKnownFileType = sourcecode.swift; path = AppDelegate.swift; sourceTree = "<group>"; };
		010AC380228FCFE300BD8FAE /* PointsTableViewController.swift */ = {isa = PBXFileReference; lastKnownFileType = sourcecode.swift; path = PointsTableViewController.swift; sourceTree = "<group>"; };
		010AC383228FCFE300BD8FAE /* Base */ = {isa = PBXFileReference; lastKnownFileType = file.storyboard; name = Base; path = Base.lproj/Main.storyboard; sourceTree = "<group>"; };
		010AC385228FCFE500BD8FAE /* Assets.xcassets */ = {isa = PBXFileReference; lastKnownFileType = folder.assetcatalog; path = Assets.xcassets; sourceTree = "<group>"; };
		010AC388228FCFE500BD8FAE /* Base */ = {isa = PBXFileReference; lastKnownFileType = file.storyboard; name = Base; path = Base.lproj/LaunchScreen.storyboard; sourceTree = "<group>"; };
		010AC38A228FCFE500BD8FAE /* Info.plist */ = {isa = PBXFileReference; lastKnownFileType = text.plist.xml; path = Info.plist; sourceTree = "<group>"; };
		010AC395228FD07400BD8FAE /* PlayerDetailViewController.swift */ = {isa = PBXFileReference; lastKnownFileType = sourcecode.swift; path = PlayerDetailViewController.swift; sourceTree = "<group>"; };
		010AC398228FD0D700BD8FAE /* PlayerInfoViewCell.swift */ = {isa = PBXFileReference; lastKnownFileType = sourcecode.swift; path = PlayerInfoViewCell.swift; sourceTree = "<group>"; };
		010AC399228FD0D700BD8FAE /* PlayerInfoViewCell.xib */ = {isa = PBXFileReference; lastKnownFileType = file.xib; path = PlayerInfoViewCell.xib; sourceTree = "<group>"; };
		010AC39C228FD0FA00BD8FAE /* PlayerMatchInfoViewCell.swift */ = {isa = PBXFileReference; lastKnownFileType = sourcecode.swift; path = PlayerMatchInfoViewCell.swift; sourceTree = "<group>"; };
		010AC39D228FD0FA00BD8FAE /* PlayerMatchInfoViewCell.xib */ = {isa = PBXFileReference; lastKnownFileType = file.xib; path = PlayerMatchInfoViewCell.xib; sourceTree = "<group>"; };
		010AC3A2228FD22F00BD8FAE /* ApiService.swift */ = {isa = PBXFileReference; lastKnownFileType = sourcecode.swift; path = ApiService.swift; sourceTree = "<group>"; };
		010AC3A4228FD28500BD8FAE /* Player.swift */ = {isa = PBXFileReference; lastKnownFileType = sourcecode.swift; path = Player.swift; sourceTree = "<group>"; };
		010AC3A6228FD29100BD8FAE /* Match.swift */ = {isa = PBXFileReference; lastKnownFileType = sourcecode.swift; path = Match.swift; sourceTree = "<group>"; };
		010AC3AB228FD3FE00BD8FAE /* JsonParser.swift */ = {isa = PBXFileReference; lastKnownFileType = sourcecode.swift; path = JsonParser.swift; sourceTree = "<group>"; };
		010AC3AE228FD45500BD8FAE /* AppConstant.swift */ = {isa = PBXFileReference; lastKnownFileType = sourcecode.swift; path = AppConstant.swift; sourceTree = "<group>"; };
		010AC3B0228FDD5500BD8FAE /* PointsTableViewModel.swift */ = {isa = PBXFileReference; lastKnownFileType = sourcecode.swift; path = PointsTableViewModel.swift; sourceTree = "<group>"; };
		010AC3B2228FDD7400BD8FAE /* MatchListViewModel.swift */ = {isa = PBXFileReference; lastKnownFileType = sourcecode.swift; path = MatchListViewModel.swift; sourceTree = "<group>"; };
		43550037325C9573A11FB177 /* Pods_StarWarsTournament.framework */ = {isa = PBXFileReference; explicitFileType = wrapper.framework; includeInIndex = 0; path = Pods_StarWarsTournament.framework; sourceTree = BUILT_PRODUCTS_DIR; };
		B6179FF77959FAD6780E4765 /* Pods-StarWarsTournament.debug.xcconfig */ = {isa = PBXFileReference; includeInIndex = 1; lastKnownFileType = text.xcconfig; name = "Pods-StarWarsTournament.debug.xcconfig"; path = "Target Support Files/Pods-StarWarsTournament/Pods-StarWarsTournament.debug.xcconfig"; sourceTree = "<group>"; };
		C28F612DB95DFFE1CA1E6387 /* Pods-StarWarsTournament.release.xcconfig */ = {isa = PBXFileReference; includeInIndex = 1; lastKnownFileType = text.xcconfig; name = "Pods-StarWarsTournament.release.xcconfig"; path = "Target Support Files/Pods-StarWarsTournament/Pods-StarWarsTournament.release.xcconfig"; sourceTree = "<group>"; };
/* End PBXFileReference section */

/* Begin PBXFrameworksBuildPhase section */
		010AC378228FCFE300BD8FAE /* Frameworks */ = {
			isa = PBXFrameworksBuildPhase;
			buildActionMask = 2147483647;
			files = (
				231A4DA0E913A132B45656A6 /* Pods_StarWarsTournament.framework in Frameworks */,
			);
			runOnlyForDeploymentPostprocessing = 0;
		};
/* End PBXFrameworksBuildPhase section */

/* Begin PBXGroup section */
		010AC372228FCFE300BD8FAE = {
			isa = PBXGroup;
			children = (
				010AC37D228FCFE300BD8FAE /* StarWarsTournament */,
				010AC37C228FCFE300BD8FAE /* Products */,
				FCBEC5811272E6A4CCF278FE /* Pods */,
				D8025D454EF15D5A1A040292 /* Frameworks */,
			);
			sourceTree = "<group>";
		};
		010AC37C228FCFE300BD8FAE /* Products */ = {
			isa = PBXGroup;
			children = (
				010AC37B228FCFE300BD8FAE /* StarWarsTournament.app */,
			);
			name = Products;
			sourceTree = "<group>";
		};
		010AC37D228FCFE300BD8FAE /* StarWarsTournament */ = {
			isa = PBXGroup;
			children = (
				010AC3AD228FD43A00BD8FAE /* Constants */,
				010AC3AA228FD3DF00BD8FAE /* JsonParser */,
				010AC397228FD0A300BD8FAE /* Cell */,
				010AC394228FD05600BD8FAE /* ViewController */,
				010AC393228FD00800BD8FAE /* ViewModel */,
				010AC392228FCFFA00BD8FAE /* View */,
				010AC391228FCFF400BD8FAE /* Model */,
				010AC390228FCFEE00BD8FAE /* Service */,
				010AC37E228FCFE300BD8FAE /* AppDelegate.swift */,
				010AC385228FCFE500BD8FAE /* Assets.xcassets */,
				010AC387228FCFE500BD8FAE /* LaunchScreen.storyboard */,
				010AC38A228FCFE500BD8FAE /* Info.plist */,
			);
			path = StarWarsTournament;
			sourceTree = "<group>";
		};
		010AC390228FCFEE00BD8FAE /* Service */ = {
			isa = PBXGroup;
			children = (
				010AC3A2228FD22F00BD8FAE /* ApiService.swift */,
			);
			path = Service;
			sourceTree = "<group>";
		};
		010AC391228FCFF400BD8FAE /* Model */ = {
			isa = PBXGroup;
			children = (
				010AC3A4228FD28500BD8FAE /* Player.swift */,
				010AC3A6228FD29100BD8FAE /* Match.swift */,
			);
			path = Model;
			sourceTree = "<group>";
		};
		010AC392228FCFFA00BD8FAE /* View */ = {
			isa = PBXGroup;
			children = (
				010AC382228FCFE300BD8FAE /* Main.storyboard */,
			);
			path = View;
			sourceTree = "<group>";
		};
		010AC393228FD00800BD8FAE /* ViewModel */ = {
			isa = PBXGroup;
			children = (
				010AC3B0228FDD5500BD8FAE /* PointsTableViewModel.swift */,
				010AC3B2228FDD7400BD8FAE /* MatchListViewModel.swift */,
			);
			path = ViewModel;
			sourceTree = "<group>";
		};
		010AC394228FD05600BD8FAE /* ViewController */ = {
			isa = PBXGroup;
			children = (
				010AC380228FCFE300BD8FAE /* PointsTableViewController.swift */,
				010AC395228FD07400BD8FAE /* PlayerDetailViewController.swift */,
			);
			path = ViewController;
			sourceTree = "<group>";
		};
		010AC397228FD0A300BD8FAE /* Cell */ = {
			isa = PBXGroup;
			children = (
				010AC398228FD0D700BD8FAE /* PlayerInfoViewCell.swift */,
				010AC399228FD0D700BD8FAE /* PlayerInfoViewCell.xib */,
				010AC39C228FD0FA00BD8FAE /* PlayerMatchInfoViewCell.swift */,
				010AC39D228FD0FA00BD8FAE /* PlayerMatchInfoViewCell.xib */,
			);
			path = Cell;
			sourceTree = "<group>";
		};
		010AC3AA228FD3DF00BD8FAE /* JsonParser */ = {
			isa = PBXGroup;
			children = (
				010AC3AB228FD3FE00BD8FAE /* JsonParser.swift */,
			);
			path = JsonParser;
			sourceTree = "<group>";
		};
		010AC3AD228FD43A00BD8FAE /* Constants */ = {
			isa = PBXGroup;
			children = (
				010AC3AE228FD45500BD8FAE /* AppConstant.swift */,
			);
			path = Constants;
			sourceTree = "<group>";
		};
		D8025D454EF15D5A1A040292 /* Frameworks */ = {
			isa = PBXGroup;
			children = (
				43550037325C9573A11FB177 /* Pods_StarWarsTournament.framework */,
			);
			name = Frameworks;
			sourceTree = "<group>";
		};
		FCBEC5811272E6A4CCF278FE /* Pods */ = {
			isa = PBXGroup;
			children = (
				B6179FF77959FAD6780E4765 /* Pods-StarWarsTournament.debug.xcconfig */,
				C28F612DB95DFFE1CA1E6387 /* Pods-StarWarsTournament.release.xcconfig */,
			);
			path = Pods;
			sourceTree = "<group>";
		};
/* End PBXGroup section */

/* Begin PBXNativeTarget section */
		010AC37A228FCFE300BD8FAE /* StarWarsTournament */ = {
			isa = PBXNativeTarget;
			buildConfigurationList = 010AC38D228FCFE500BD8FAE /* Build configuration list for PBXNativeTarget "StarWarsTournament" */;
			buildPhases = (
				6344F1F62DB00B4A7B4E849E /* [CP] Check Pods Manifest.lock */,
				010AC377228FCFE300BD8FAE /* Sources */,
				010AC378228FCFE300BD8FAE /* Frameworks */,
				010AC379228FCFE300BD8FAE /* Resources */,
				D692D3A3EFA7E4A70C2D61EB /* [CP] Embed Pods Frameworks */,
			);
			buildRules = (
			);
			dependencies = (
			);
			name = StarWarsTournament;
			productName = StarWarsTournament;
			productReference = 010AC37B228FCFE300BD8FAE /* StarWarsTournament.app */;
			productType = "com.apple.product-type.application";
		};
/* End PBXNativeTarget section */

/* Begin PBXProject section */
		010AC373228FCFE300BD8FAE /* Project object */ = {
			isa = PBXProject;
			attributes = {
				LastSwiftUpdateCheck = 1010;
				LastUpgradeCheck = 1010;
				ORGANIZATIONNAME = Jigar;
				TargetAttributes = {
					010AC37A228FCFE300BD8FAE = {
						CreatedOnToolsVersion = 10.1;
					};
				};
			};
			buildConfigurationList = 010AC376228FCFE300BD8FAE /* Build configuration list for PBXProject "StarWarsTournament" */;
			compatibilityVersion = "Xcode 9.3";
			developmentRegion = en;
			hasScannedForEncodings = 0;
			knownRegions = (
				en,
				Base,
			);
			mainGroup = 010AC372228FCFE300BD8FAE;
			productRefGroup = 010AC37C228FCFE300BD8FAE /* Products */;
			projectDirPath = "";
			projectRoot = "";
			targets = (
				010AC37A228FCFE300BD8FAE /* StarWarsTournament */,
			);
		};
/* End PBXProject section */

/* Begin PBXResourcesBuildPhase section */
		010AC379228FCFE300BD8FAE /* Resources */ = {
			isa = PBXResourcesBuildPhase;
			buildActionMask = 2147483647;
			files = (
				010AC389228FCFE500BD8FAE /* LaunchScreen.storyboard in Resources */,
				010AC386228FCFE500BD8FAE /* Assets.xcassets in Resources */,
				010AC39F228FD0FA00BD8FAE /* PlayerMatchInfoViewCell.xib in Resources */,
				010AC384228FCFE300BD8FAE /* Main.storyboard in Resources */,
				010AC39B228FD0D700BD8FAE /* PlayerInfoViewCell.xib in Resources */,
			);
			runOnlyForDeploymentPostprocessing = 0;
		};
/* End PBXResourcesBuildPhase section */

/* Begin PBXShellScriptBuildPhase section */
		6344F1F62DB00B4A7B4E849E /* [CP] Check Pods Manifest.lock */ = {
			isa = PBXShellScriptBuildPhase;
			buildActionMask = 2147483647;
			files = (
			);
			inputFileListPaths = (
			);
			inputPaths = (
				"${PODS_PODFILE_DIR_PATH}/Podfile.lock",
				"${PODS_ROOT}/Manifest.lock",
			);
			name = "[CP] Check Pods Manifest.lock";
			outputFileListPaths = (
			);
			outputPaths = (
				"$(DERIVED_FILE_DIR)/Pods-StarWarsTournament-checkManifestLockResult.txt",
			);
			runOnlyForDeploymentPostprocessing = 0;
			shellPath = /bin/sh;
			shellScript = "diff \"${PODS_PODFILE_DIR_PATH}/Podfile.lock\" \"${PODS_ROOT}/Manifest.lock\" > /dev/null\nif [ $? != 0 ] ; then\n    # print error to STDERR\n    echo \"error: The sandbox is not in sync with the Podfile.lock. Run 'pod install' or update your CocoaPods installation.\" >&2\n    exit 1\nfi\n# This output is used by Xcode 'outputs' to avoid re-running this script phase.\necho \"SUCCESS\" > \"${SCRIPT_OUTPUT_FILE_0}\"\n";
			showEnvVarsInLog = 0;
		};
		D692D3A3EFA7E4A70C2D61EB /* [CP] Embed Pods Frameworks */ = {
			isa = PBXShellScriptBuildPhase;
			buildActionMask = 2147483647;
			files = (
			);
			inputFileListPaths = (
			);
			inputPaths = (
				"${PODS_ROOT}/Target Support Files/Pods-StarWarsTournament/Pods-StarWarsTournament-frameworks.sh",
				"${BUILT_PRODUCTS_DIR}/Alamofire/Alamofire.framework",
				"${BUILT_PRODUCTS_DIR}/AlamofireImage/AlamofireImage.framework",
			);
			name = "[CP] Embed Pods Frameworks";
			outputFileListPaths = (
			);
			outputPaths = (
				"${TARGET_BUILD_DIR}/${FRAMEWORKS_FOLDER_PATH}/Alamofire.framework",
				"${TARGET_BUILD_DIR}/${FRAMEWORKS_FOLDER_PATH}/AlamofireImage.framework",
			);
			runOnlyForDeploymentPostprocessing = 0;
			shellPath = /bin/sh;
			shellScript = "\"${PODS_ROOT}/Target Support Files/Pods-StarWarsTournament/Pods-StarWarsTournament-frameworks.sh\"\n";
			showEnvVarsInLog = 0;
		};
/* End PBXShellScriptBuildPhase section */

/* Begin PBXSourcesBuildPhase section */
		010AC377228FCFE300BD8FAE /* Sources */ = {
			isa = PBXSourcesBuildPhase;
			buildActionMask = 2147483647;
			files = (
				010AC39E228FD0FA00BD8FAE /* PlayerMatchInfoViewCell.swift in Sources */,
				010AC381228FCFE300BD8FAE /* PointsTableViewController.swift in Sources */,
				010AC3A7228FD29100BD8FAE /* Match.swift in Sources */,
				010AC3AF228FD45500BD8FAE /* AppConstant.swift in Sources */,
				010AC37F228FCFE300BD8FAE /* AppDelegate.swift in Sources */,
				010AC396228FD07400BD8FAE /* PlayerDetailViewController.swift in Sources */,
				010AC3A5228FD28500BD8FAE /* Player.swift in Sources */,
				010AC3B3228FDD7400BD8FAE /* MatchListViewModel.swift in Sources */,
				010AC3B1228FDD5500BD8FAE /* PointsTableViewModel.swift in Sources */,
				010AC3A3228FD22F00BD8FAE /* ApiService.swift in Sources */,
				010AC3AC228FD3FE00BD8FAE /* JsonParser.swift in Sources */,
				010AC39A228FD0D700BD8FAE /* PlayerInfoViewCell.swift in Sources */,
			);
			runOnlyForDeploymentPostprocessing = 0;
		};
/* End PBXSourcesBuildPhase section */

/* Begin PBXVariantGroup section */
		010AC382228FCFE300BD8FAE /* Main.storyboard */ = {
			isa = PBXVariantGroup;
			children = (
				010AC383228FCFE300BD8FAE /* Base */,
			);
			name = Main.storyboard;
			sourceTree = "<group>";
		};
		010AC387228FCFE500BD8FAE /* LaunchScreen.storyboard */ = {
			isa = PBXVariantGroup;
			children = (
				010AC388228FCFE500BD8FAE /* Base */,
			);
			name = LaunchScreen.storyboard;
			sourceTree = "<group>";
		};
/* End PBXVariantGroup section */

/* Begin XCBuildConfiguration section */
		010AC38B228FCFE500BD8FAE /* Debug */ = {
			isa = XCBuildConfiguration;
			buildSettings = {
				ALWAYS_SEARCH_USER_PATHS = NO;
				CLANG_ANALYZER_NONNULL = YES;
				CLANG_ANALYZER_NUMBER_OBJECT_CONVERSION = YES_AGGRESSIVE;
				CLANG_CXX_LANGUAGE_STANDARD = "gnu++14";
				CLANG_CXX_LIBRARY = "libc++";
				CLANG_ENABLE_MODULES = YES;
				CLANG_ENABLE_OBJC_ARC = YES;
				CLANG_ENABLE_OBJC_WEAK = YES;
				CLANG_WARN_BLOCK_CAPTURE_AUTORELEASING = YES;
				CLANG_WARN_BOOL_CONVERSION = YES;
				CLANG_WARN_COMMA = YES;
				CLANG_WARN_CONSTANT_CONVERSION = YES;
				CLANG_WARN_DEPRECATED_OBJC_IMPLEMENTATIONS = YES;
				CLANG_WARN_DIRECT_OBJC_ISA_USAGE = YES_ERROR;
				CLANG_WARN_DOCUMENTATION_COMMENTS = YES;
				CLANG_WARN_EMPTY_BODY = YES;
				CLANG_WARN_ENUM_CONVERSION = YES;
				CLANG_WARN_INFINITE_RECURSION = YES;
				CLANG_WARN_INT_CONVERSION = YES;
				CLANG_WARN_NON_LITERAL_NULL_CONVERSION = YES;
				CLANG_WARN_OBJC_IMPLICIT_RETAIN_SELF = YES;
				CLANG_WARN_OBJC_LITERAL_CONVERSION = YES;
				CLANG_WARN_OBJC_ROOT_CLASS = YES_ERROR;
				CLANG_WARN_RANGE_LOOP_ANALYSIS = YES;
				CLANG_WARN_STRICT_PROTOTYPES = YES;
				CLANG_WARN_SUSPICIOUS_MOVE = YES;
				CLANG_WARN_UNGUARDED_AVAILABILITY = YES_AGGRESSIVE;
				CLANG_WARN_UNREACHABLE_CODE = YES;
				CLANG_WARN__DUPLICATE_METHOD_MATCH = YES;
				CODE_SIGN_IDENTITY = "iPhone Developer";
				COPY_PHASE_STRIP = NO;
				DEBUG_INFORMATION_FORMAT = dwarf;
				ENABLE_STRICT_OBJC_MSGSEND = YES;
				ENABLE_TESTABILITY = YES;
				GCC_C_LANGUAGE_STANDARD = gnu11;
				GCC_DYNAMIC_NO_PIC = NO;
				GCC_NO_COMMON_BLOCKS = YES;
				GCC_OPTIMIZATION_LEVEL = 0;
				GCC_PREPROCESSOR_DEFINITIONS = (
					"DEBUG=1",
					"$(inherited)",
				);
				GCC_WARN_64_TO_32_BIT_CONVERSION = YES;
				GCC_WARN_ABOUT_RETURN_TYPE = YES_ERROR;
				GCC_WARN_UNDECLARED_SELECTOR = YES;
				GCC_WARN_UNINITIALIZED_AUTOS = YES_AGGRESSIVE;
				GCC_WARN_UNUSED_FUNCTION = YES;
				GCC_WARN_UNUSED_VARIABLE = YES;
				IPHONEOS_DEPLOYMENT_TARGET = 12.1;
				MTL_ENABLE_DEBUG_INFO = INCLUDE_SOURCE;
				MTL_FAST_MATH = YES;
				ONLY_ACTIVE_ARCH = YES;
				SDKROOT = iphoneos;
				SWIFT_ACTIVE_COMPILATION_CONDITIONS = DEBUG;
				SWIFT_OPTIMIZATION_LEVEL = "-Onone";
			};
			name = Debug;
		};
		010AC38C228FCFE500BD8FAE /* Release */ = {
			isa = XCBuildConfiguration;
			buildSettings = {
				ALWAYS_SEARCH_USER_PATHS = NO;
				CLANG_ANALYZER_NONNULL = YES;
				CLANG_ANALYZER_NUMBER_OBJECT_CONVERSION = YES_AGGRESSIVE;
				CLANG_CXX_LANGUAGE_STANDARD = "gnu++14";
				CLANG_CXX_LIBRARY = "libc++";
				CLANG_ENABLE_MODULES = YES;
				CLANG_ENABLE_OBJC_ARC = YES;
				CLANG_ENABLE_OBJC_WEAK = YES;
				CLANG_WARN_BLOCK_CAPTURE_AUTORELEASING = YES;
				CLANG_WARN_BOOL_CONVERSION = YES;
				CLANG_WARN_COMMA = YES;
				CLANG_WARN_CONSTANT_CONVERSION = YES;
				CLANG_WARN_DEPRECATED_OBJC_IMPLEMENTATIONS = YES;
				CLANG_WARN_DIRECT_OBJC_ISA_USAGE = YES_ERROR;
				CLANG_WARN_DOCUMENTATION_COMMENTS = YES;
				CLANG_WARN_EMPTY_BODY = YES;
				CLANG_WARN_ENUM_CONVERSION = YES;
				CLANG_WARN_INFINITE_RECURSION = YES;
				CLANG_WARN_INT_CONVERSION = YES;
				CLANG_WARN_NON_LITERAL_NULL_CONVERSION = YES;
				CLANG_WARN_OBJC_IMPLICIT_RETAIN_SELF = YES;
				CLANG_WARN_OBJC_LITERAL_CONVERSION = YES;
				CLANG_WARN_OBJC_ROOT_CLASS = YES_ERROR;
				CLANG_WARN_RANGE_LOOP_ANALYSIS = YES;
				CLANG_WARN_STRICT_PROTOTYPES = YES;
				CLANG_WARN_SUSPICIOUS_MOVE = YES;
				CLANG_WARN_UNGUARDED_AVAILABILITY = YES_AGGRESSIVE;
				CLANG_WARN_UNREACHABLE_CODE = YES;
				CLANG_WARN__DUPLICATE_METHOD_MATCH = YES;
				CODE_SIGN_IDENTITY = "iPhone Developer";
				COPY_PHASE_STRIP = NO;
				DEBUG_INFORMATION_FORMAT = "dwarf-with-dsym";
				ENABLE_NS_ASSERTIONS = NO;
				ENABLE_STRICT_OBJC_MSGSEND = YES;
				GCC_C_LANGUAGE_STANDARD = gnu11;
				GCC_NO_COMMON_BLOCKS = YES;
				GCC_WARN_64_TO_32_BIT_CONVERSION = YES;
				GCC_WARN_ABOUT_RETURN_TYPE = YES_ERROR;
				GCC_WARN_UNDECLARED_SELECTOR = YES;
				GCC_WARN_UNINITIALIZED_AUTOS = YES_AGGRESSIVE;
				GCC_WARN_UNUSED_FUNCTION = YES;
				GCC_WARN_UNUSED_VARIABLE = YES;
				IPHONEOS_DEPLOYMENT_TARGET = 12.1;
				MTL_ENABLE_DEBUG_INFO = NO;
				MTL_FAST_MATH = YES;
				SDKROOT = iphoneos;
				SWIFT_COMPILATION_MODE = wholemodule;
				SWIFT_OPTIMIZATION_LEVEL = "-O";
				VALIDATE_PRODUCT = YES;
			};
			name = Release;
		};
		010AC38E228FCFE500BD8FAE /* Debug */ = {
			isa = XCBuildConfiguration;
			baseConfigurationReference = B6179FF77959FAD6780E4765 /* Pods-StarWarsTournament.debug.xcconfig */;
			buildSettings = {
				ASSETCATALOG_COMPILER_APPICON_NAME = AppIcon;
				CODE_SIGN_STYLE = Automatic;
				DEVELOPMENT_TEAM = XJ853555CF;
				INFOPLIST_FILE = StarWarsTournament/Info.plist;
				LD_RUNPATH_SEARCH_PATHS = (
					"$(inherited)",
					"@executable_path/Frameworks",
				);
				PRODUCT_BUNDLE_IDENTIFIER = Sling.StarWarsTournament;
				PRODUCT_NAME = "$(TARGET_NAME)";
				SWIFT_VERSION = 4.2;
				TARGETED_DEVICE_FAMILY = "1,2";
			};
			name = Debug;
		};
		010AC38F228FCFE500BD8FAE /* Release */ = {
			isa = XCBuildConfiguration;
			baseConfigurationReference = C28F612DB95DFFE1CA1E6387 /* Pods-StarWarsTournament.release.xcconfig */;
			buildSettings = {
				ASSETCATALOG_COMPILER_APPICON_NAME = AppIcon;
				CODE_SIGN_STYLE = Automatic;
				DEVELOPMENT_TEAM = XJ853555CF;
				INFOPLIST_FILE = StarWarsTournament/Info.plist;
				LD_RUNPATH_SEARCH_PATHS = (
					"$(inherited)",
					"@executable_path/Frameworks",
				);
				PRODUCT_BUNDLE_IDENTIFIER = Sling.StarWarsTournament;
				PRODUCT_NAME = "$(TARGET_NAME)";
				SWIFT_VERSION = 4.2;
				TARGETED_DEVICE_FAMILY = "1,2";
			};
			name = Release;
		};
/* End XCBuildConfiguration section */

/* Begin XCConfigurationList section */
		010AC376228FCFE300BD8FAE /* Build configuration list for PBXProject "StarWarsTournament" */ = {
			isa = XCConfigurationList;
			buildConfigurations = (
				010AC38B228FCFE500BD8FAE /* Debug */,
				010AC38C228FCFE500BD8FAE /* Release */,
			);
			defaultConfigurationIsVisible = 0;
			defaultConfigurationName = Release;
		};
		010AC38D228FCFE500BD8FAE /* Build configuration list for PBXNativeTarget "StarWarsTournament" */ = {
			isa = XCConfigurationList;
			buildConfigurations = (
				010AC38E228FCFE500BD8FAE /* Debug */,
				010AC38F228FCFE500BD8FAE /* Release */,
			);
			defaultConfigurationIsVisible = 0;
			defaultConfigurationName = Release;
		};
/* End XCConfigurationList section */
	};
	rootObject = 010AC373228FCFE300BD8FAE /* Project object */;
}
